
Microsoft Visual Studio Solution File, Format Version 12.00
# Visual Studio Version 16
VisualStudioVersion = 16.0.31112.23
MinimumVisualStudioVersion = 10.0.40219.1
Project("{FAE04EC0-301F-11D3-BF4B-00C04F79EFBC}") = "ClassObjectsAtributes", "ClassObjectsAtributes\ClassObjectsAtributes.csproj", "{DAF818FA-174E-4752-976A-C128B3922805}"
EndProject
Global
	GlobalSection(SolutionConfigurationPlatforms) = preSolution
		Debug|Any CPU = Debug|Any CPU
		Release|Any CPU = Release|Any CPU
	EndGlobalSection
	GlobalSection(ProjectConfigurationPlatforms) = postSolution
		{DAF818FA-174E-4752-976A-C128B3922805}.Debug|Any CPU.ActiveCfg = Debug|Any CPU
		{DAF818FA-174E-4752-976A-C128B3922805}.Debug|Any CPU.Build.0 = Debug|Any CPU
		{DAF818FA-174E-4752-976A-C128B3922805}.Release|Any CPU.ActiveCfg = Release|Any CPU
		{DAF818FA-174E-4752-976A-C128B3922805}.Release|Any CPU.Build.0 = Release|Any CPU
	EndGlobalSection
	GlobalSection(SolutionProperties) = preSolution
		HideSolutionNode = FALSE
	EndGlobalSection
	GlobalSection(ExtensibilityGlobals) = postSolution
		SolutionGuid = {23C8C841-2B95-45C3-8618-401D9A683122}
	EndGlobalSection
EndGlobal
